// !$*UTF8*$!
{
	archiveVersion = 1;
	classes = {
	};
	objectVersion = 55;
	objects = {

/* Begin PBXBuildFile section */
		5C75D62927FD72DB002B0649 /* AppDelegate.swift in Sources */ = {isa = PBXBuildFile; fileRef = 5C75D62827FD72DB002B0649 /* AppDelegate.swift */; };
		5C75D62B27FD72DB002B0649 /* SceneDelegate.swift in Sources */ = {isa = PBXBuildFile; fileRef = 5C75D62A27FD72DB002B0649 /* SceneDelegate.swift */; };
		5C75D62D27FD72DB002B0649 /* ViewController.swift in Sources */ = {isa = PBXBuildFile; fileRef = 5C75D62C27FD72DB002B0649 /* ViewController.swift */; };
		5C75D63027FD72DB002B0649 /* Main.storyboard in Resources */ = {isa = PBXBuildFile; fileRef = 5C75D62E27FD72DB002B0649 /* Main.storyboard */; };
		5C75D63227FD72DD002B0649 /* Assets.xcassets in Resources */ = {isa = PBXBuildFile; fileRef = 5C75D63127FD72DD002B0649 /* Assets.xcassets */; };
		5C75D63527FD72DD002B0649 /* LaunchScreen.storyboard in Resources */ = {isa = PBXBuildFile; fileRef = 5C75D63327FD72DD002B0649 /* LaunchScreen.storyboard */; };
		9A63E61D38C4682CB7109803 /* Pods_RxSwift_Study.framework in Frameworks */ = {isa = PBXBuildFile; fileRef = A47E6D6BE9C0F255565827AC /* Pods_RxSwift_Study.framework */; };
/* End PBXBuildFile section */

/* Begin PBXFileReference section */
		5C75D62527FD72DB002B0649 /* RxSwift_Study.app */ = {isa = PBXFileReference; explicitFileType = wrapper.application; includeInIndex = 0; path = RxSwift_Study.app; sourceTree = BUILT_PRODUCTS_DIR; };
		5C75D62827FD72DB002B0649 /* AppDelegate.swift */ = {isa = PBXFileReference; lastKnownFileType = sourcecode.swift; path = AppDelegate.swift; sourceTree = "<group>"; };
		5C75D62A27FD72DB002B0649 /* SceneDelegate.swift */ = {isa = PBXFileReference; lastKnownFileType = sourcecode.swift; path = SceneDelegate.swift; sourceTree = "<group>"; };
		5C75D62C27FD72DB002B0649 /* ViewController.swift */ = {isa = PBXFileReference; lastKnownFileType = sourcecode.swift; path = ViewController.swift; sourceTree = "<group>"; };
		5C75D62F27FD72DB002B0649 /* Base */ = {isa = PBXFileReference; lastKnownFileType = file.storyboard; name = Base; path = Base.lproj/Main.storyboard; sourceTree = "<group>"; };
		5C75D63127FD72DD002B0649 /* Assets.xcassets */ = {isa = PBXFileReference; lastKnownFileType = folder.assetcatalog; path = Assets.xcassets; sourceTree = "<group>"; };
		5C75D63427FD72DD002B0649 /* Base */ = {isa = PBXFileReference; lastKnownFileType = file.storyboard; name = Base; path = Base.lproj/LaunchScreen.storyboard; sourceTree = "<group>"; };
		5C75D63627FD72DD002B0649 /* Info.plist */ = {isa = PBXFileReference; lastKnownFileType = text.plist.xml; path = Info.plist; sourceTree = "<group>"; };
		5C75D63F27FD7325002B0649 /* Traits.playground */ = {isa = PBXFileReference; lastKnownFileType = file.playground; name = Traits.playground; path = ../../../../../../RxSwift_Study/GitHubRepository_RxSwift/Traits.playground; sourceTree = "<group>"; xcLanguageSpecificationIdentifier = xcode.lang.swift; };
		5C75D64027FD732F002B0649 /* Observable.playground */ = {isa = PBXFileReference; lastKnownFileType = file.playground; name = Observable.playground; path = ../../../../../../RxSwift_Study/GitHubRepository_RxSwift/Observable.playground; sourceTree = "<group>"; xcLanguageSpecificationIdentifier = xcode.lang.swift; };
		5C75D64127FD733A002B0649 /* EscapingClosure.playground */ = {isa = PBXFileReference; lastKnownFileType = file.playground; name = EscapingClosure.playground; path = ../../../../../../RxSwift_Study/GitHubRepository_RxSwift/EscapingClosure.playground; sourceTree = "<group>"; xcLanguageSpecificationIdentifier = xcode.lang.swift; };
		5C75D64527FD7549002B0649 /* Filter.playground */ = {isa = PBXFileReference; lastKnownFileType = file.playground; path = Filter.playground; sourceTree = "<group>"; xcLanguageSpecificationIdentifier = xcode.lang.swift; };
		A47E6D6BE9C0F255565827AC /* Pods_RxSwift_Study.framework */ = {isa = PBXFileReference; explicitFileType = wrapper.framework; includeInIndex = 0; path = Pods_RxSwift_Study.framework; sourceTree = BUILT_PRODUCTS_DIR; };
		B51CDFC60C84978002D3B3F4 /* Pods-RxSwift_Study.release.xcconfig */ = {isa = PBXFileReference; includeInIndex = 1; lastKnownFileType = text.xcconfig; name = "Pods-RxSwift_Study.release.xcconfig"; path = "Target Support Files/Pods-RxSwift_Study/Pods-RxSwift_Study.release.xcconfig"; sourceTree = "<group>"; };
		B81C9113C2CB3850F84B87C6 /* Pods-RxSwift_Study.debug.xcconfig */ = {isa = PBXFileReference; includeInIndex = 1; lastKnownFileType = text.xcconfig; name = "Pods-RxSwift_Study.debug.xcconfig"; path = "Target Support Files/Pods-RxSwift_Study/Pods-RxSwift_Study.debug.xcconfig"; sourceTree = "<group>"; };
/* End PBXFileReference section */

/* Begin PBXFrameworksBuildPhase section */
		5C75D62227FD72DB002B0649 /* Frameworks */ = {
			isa = PBXFrameworksBuildPhase;
			buildActionMask = 2147483647;
			files = (
				9A63E61D38C4682CB7109803 /* Pods_RxSwift_Study.framework in Frameworks */,
			);
			runOnlyForDeploymentPostprocessing = 0;
		};
/* End PBXFrameworksBuildPhase section */

/* Begin PBXGroup section */
		52E475E73AC215058CAC37D5 /* Pods */ = {
			isa = PBXGroup;
			children = (
				B81C9113C2CB3850F84B87C6 /* Pods-RxSwift_Study.debug.xcconfig */,
				B51CDFC60C84978002D3B3F4 /* Pods-RxSwift_Study.release.xcconfig */,
			);
			path = Pods;
			sourceTree = "<group>";
		};
		5C75D61C27FD72DB002B0649 = {
			isa = PBXGroup;
			children = (
				5C75D62727FD72DB002B0649 /* RxSwift_Study */,
				5C75D62627FD72DB002B0649 /* Products */,
				52E475E73AC215058CAC37D5 /* Pods */,
				BF553E9FA6BA587BEBDF56C5 /* Frameworks */,
			);
			sourceTree = "<group>";
		};
		5C75D62627FD72DB002B0649 /* Products */ = {
			isa = PBXGroup;
			children = (
				5C75D62527FD72DB002B0649 /* RxSwift_Study.app */,
			);
			name = Products;
			sourceTree = "<group>";
		};
		5C75D62727FD72DB002B0649 /* RxSwift_Study */ = {
			isa = PBXGroup;
			children = (
				5C75D63E27FD7311002B0649 /* RxPlayGround */,
				5C75D62827FD72DB002B0649 /* AppDelegate.swift */,
				5C75D62A27FD72DB002B0649 /* SceneDelegate.swift */,
				5C75D62C27FD72DB002B0649 /* ViewController.swift */,
				5C75D62E27FD72DB002B0649 /* Main.storyboard */,
				5C75D63127FD72DD002B0649 /* Assets.xcassets */,
				5C75D63327FD72DD002B0649 /* LaunchScreen.storyboard */,
				5C75D63627FD72DD002B0649 /* Info.plist */,
			);
			path = RxSwift_Study;
			sourceTree = "<group>";
		};
		5C75D63E27FD7311002B0649 /* RxPlayGround */ = {
			isa = PBXGroup;
			children = (
				5C75D64127FD733A002B0649 /* EscapingClosure.playground */,
				5C75D64027FD732F002B0649 /* Observable.playground */,
				5C75D63F27FD7325002B0649 /* Traits.playground */,
				5C75D64527FD7549002B0649 /* Filter.playground */,
			);
			path = RxPlayGround;
			sourceTree = "<group>";
		};
		BF553E9FA6BA587BEBDF56C5 /* Frameworks */ = {
			isa = PBXGroup;
			children = (
				A47E6D6BE9C0F255565827AC /* Pods_RxSwift_Study.framework */,
			);
			name = Frameworks;
			sourceTree = "<group>";
		};
/* End PBXGroup section */

/* Begin PBXNativeTarget section */
		5C75D62427FD72DB002B0649 /* RxSwift_Study */ = {
			isa = PBXNativeTarget;
			buildConfigurationList = 5C75D63927FD72DD002B0649 /* Build configuration list for PBXNativeTarget "RxSwift_Study" */;
			buildPhases = (
				0D89D1A374294CF3EC7501F9 /* [CP] Check Pods Manifest.lock */,
				5C75D62127FD72DB002B0649 /* Sources */,
				5C75D62227FD72DB002B0649 /* Frameworks */,
				5C75D62327FD72DB002B0649 /* Resources */,
				040D5EE727286D1DEC9409F8 /* [CP] Embed Pods Frameworks */,
			);
			buildRules = (
			);
			dependencies = (
			);
			name = RxSwift_Study;
			productName = RxSwift_Study;
			productReference = 5C75D62527FD72DB002B0649 /* RxSwift_Study.app */;
			productType = "com.apple.product-type.application";
		};
/* End PBXNativeTarget section */

/* Begin PBXProject section */
		5C75D61D27FD72DB002B0649 /* Project object */ = {
			isa = PBXProject;
			attributes = {
				BuildIndependentTargetsInParallel = 1;
				LastSwiftUpdateCheck = 1330;
				LastUpgradeCheck = 1330;
				TargetAttributes = {
					5C75D62427FD72DB002B0649 = {
						CreatedOnToolsVersion = 13.3;
					};
				};
			};
			buildConfigurationList = 5C75D62027FD72DB002B0649 /* Build configuration list for PBXProject "RxSwift_Study" */;
			compatibilityVersion = "Xcode 13.0";
			developmentRegion = en;
			hasScannedForEncodings = 0;
			knownRegions = (
				en,
				Base,
			);
			mainGroup = 5C75D61C27FD72DB002B0649;
			productRefGroup = 5C75D62627FD72DB002B0649 /* Products */;
			projectDirPath = "";
			projectRoot = "";
			targets = (
				5C75D62427FD72DB002B0649 /* RxSwift_Study */,
			);
		};
/* End PBXProject section */

/* Begin PBXResourcesBuildPhase section */
		5C75D62327FD72DB002B0649 /* Resources */ = {
			isa = PBXResourcesBuildPhase;
			buildActionMask = 2147483647;
			files = (
				5C75D63527FD72DD002B0649 /* LaunchScreen.storyboard in Resources */,
				5C75D63227FD72DD002B0649 /* Assets.xcassets in Resources */,
				5C75D63027FD72DB002B0649 /* Main.storyboard in Resources */,
			);
			runOnlyForDeploymentPostprocessing = 0;
		};
/* End PBXResourcesBuildPhase section */

/* Begin PBXShellScriptBuildPhase section */
		040D5EE727286D1DEC9409F8 /* [CP] Embed Pods Frameworks */ = {
			isa = PBXShellScriptBuildPhase;
			buildActionMask = 2147483647;
			files = (
			);
			inputFileListPaths = (
				"${PODS_ROOT}/Target Support Files/Pods-RxSwift_Study/Pods-RxSwift_Study-frameworks-${CONFIGURATION}-input-files.xcfilelist",
			);
			name = "[CP] Embed Pods Frameworks";
			outputFileListPaths = (
				"${PODS_ROOT}/Target Support Files/Pods-RxSwift_Study/Pods-RxSwift_Study-frameworks-${CONFIGURATION}-output-files.xcfilelist",
			);
			runOnlyForDeploymentPostprocessing = 0;
			shellPath = /bin/sh;
			shellScript = "\"${PODS_ROOT}/Target Support Files/Pods-RxSwift_Study/Pods-RxSwift_Study-frameworks.sh\"\n";
			showEnvVarsInLog = 0;
		};
		0D89D1A374294CF3EC7501F9 /* [CP] Check Pods Manifest.lock */ = {
			isa = PBXShellScriptBuildPhase;
			buildActionMask = 2147483647;
			files = (
			);
			inputFileListPaths = (
			);
			inputPaths = (
				"${PODS_PODFILE_DIR_PATH}/Podfile.lock",
				"${PODS_ROOT}/Manifest.lock",
			);
			name = "[CP] Check Pods Manifest.lock";
			outputFileListPaths = (
			);
			outputPaths = (
				"$(DERIVED_FILE_DIR)/Pods-RxSwift_Study-checkManifestLockResult.txt",
			);
			runOnlyForDeploymentPostprocessing = 0;
			shellPath = /bin/sh;
			shellScript = "diff \"${PODS_PODFILE_DIR_PATH}/Podfile.lock\" \"${PODS_ROOT}/Manifest.lock\" > /dev/null\nif [ $? != 0 ] ; then\n    # print error to STDERR\n    echo \"error: The sandbox is not in sync with the Podfile.lock. Run 'pod install' or update your CocoaPods installation.\" >&2\n    exit 1\nfi\n# This output is used by Xcode 'outputs' to avoid re-running this script phase.\necho \"SUCCESS\" > \"${SCRIPT_OUTPUT_FILE_0}\"\n";
			showEnvVarsInLog = 0;
		};
/* End PBXShellScriptBuildPhase section */

/* Begin PBXSourcesBuildPhase section */
		5C75D62127FD72DB002B0649 /* Sources */ = {
			isa = PBXSourcesBuildPhase;
			buildActionMask = 2147483647;
			files = (
				5C75D62D27FD72DB002B0649 /* ViewController.swift in Sources */,
				5C75D62927FD72DB002B0649 /* AppDelegate.swift in Sources */,
				5C75D62B27FD72DB002B0649 /* SceneDelegate.swift in Sources */,
			);
			runOnlyForDeploymentPostprocessing = 0;
		};
/* End PBXSourcesBuildPhase section */

/* Begin PBXVariantGroup section */
		5C75D62E27FD72DB002B0649 /* Main.storyboard */ = {
			isa = PBXVariantGroup;
			children = (
				5C75D62F27FD72DB002B0649 /* Base */,
			);
			name = Main.storyboard;
			sourceTree = "<group>";
		};
		5C75D63327FD72DD002B0649 /* LaunchScreen.storyboard */ = {
			isa = PBXVariantGroup;
			children = (
				5C75D63427FD72DD002B0649 /* Base */,
			);
			name = LaunchScreen.storyboard;
			sourceTree = "<group>";
		};
/* End PBXVariantGroup section */

/* Begin XCBuildConfiguration section */
		5C75D63727FD72DD002B0649 /* Debug */ = {
			isa = XCBuildConfiguration;
			buildSettings = {
				ALWAYS_SEARCH_USER_PATHS = NO;
				CLANG_ANALYZER_NONNULL = YES;
				CLANG_ANALYZER_NUMBER_OBJECT_CONVERSION = YES_AGGRESSIVE;
				CLANG_CXX_LANGUAGE_STANDARD = "gnu++17";
				CLANG_ENABLE_MODULES = YES;
				CLANG_ENABLE_OBJC_ARC = YES;
				CLANG_ENABLE_OBJC_WEAK = YES;
				CLANG_WARN_BLOCK_CAPTURE_AUTORELEASING = YES;
				CLANG_WARN_BOOL_CONVERSION = YES;
				CLANG_WARN_COMMA = YES;
				CLANG_WARN_CONSTANT_CONVERSION = YES;
				CLANG_WARN_DEPRECATED_OBJC_IMPLEMENTATIONS = YES;
				CLANG_WARN_DIRECT_OBJC_ISA_USAGE = YES_ERROR;
				CLANG_WARN_DOCUMENTATION_COMMENTS = YES;
				CLANG_WARN_EMPTY_BODY = YES;
				CLANG_WARN_ENUM_CONVERSION = YES;
				CLANG_WARN_INFINITE_RECURSION = YES;
				CLANG_WARN_INT_CONVERSION = YES;
				CLANG_WARN_NON_LITERAL_NULL_CONVERSION = YES;
				CLANG_WARN_OBJC_IMPLICIT_RETAIN_SELF = YES;
				CLANG_WARN_OBJC_LITERAL_CONVERSION = YES;
				CLANG_WARN_OBJC_ROOT_CLASS = YES_ERROR;
				CLANG_WARN_QUOTED_INCLUDE_IN_FRAMEWORK_HEADER = YES;
				CLANG_WARN_RANGE_LOOP_ANALYSIS = YES;
				CLANG_WARN_STRICT_PROTOTYPES = YES;
				CLANG_WARN_SUSPICIOUS_MOVE = YES;
				CLANG_WARN_UNGUARDED_AVAILABILITY = YES_AGGRESSIVE;
				CLANG_WARN_UNREACHABLE_CODE = YES;
				CLANG_WARN__DUPLICATE_METHOD_MATCH = YES;
				COPY_PHASE_STRIP = NO;
				DEBUG_INFORMATION_FORMAT = dwarf;
				ENABLE_STRICT_OBJC_MSGSEND = YES;
				ENABLE_TESTABILITY = YES;
				GCC_C_LANGUAGE_STANDARD = gnu11;
				GCC_DYNAMIC_NO_PIC = NO;
				GCC_NO_COMMON_BLOCKS = YES;
				GCC_OPTIMIZATION_LEVEL = 0;
				GCC_PREPROCESSOR_DEFINITIONS = (
					"DEBUG=1",
					"$(inherited)",
				);
				GCC_WARN_64_TO_32_BIT_CONVERSION = YES;
				GCC_WARN_ABOUT_RETURN_TYPE = YES_ERROR;
				GCC_WARN_UNDECLARED_SELECTOR = YES;
				GCC_WARN_UNINITIALIZED_AUTOS = YES_AGGRESSIVE;
				GCC_WARN_UNUSED_FUNCTION = YES;
				GCC_WARN_UNUSED_VARIABLE = YES;
				IPHONEOS_DEPLOYMENT_TARGET = 15.4;
				MTL_ENABLE_DEBUG_INFO = INCLUDE_SOURCE;
				MTL_FAST_MATH = YES;
				ONLY_ACTIVE_ARCH = YES;
				SDKROOT = iphoneos;
				SWIFT_ACTIVE_COMPILATION_CONDITIONS = DEBUG;
				SWIFT_OPTIMIZATION_LEVEL = "-Onone";
			};
			name = Debug;
		};
		5C75D63827FD72DD002B0649 /* Release */ = {
			isa = XCBuildConfiguration;
			buildSettings = {
				ALWAYS_SEARCH_USER_PATHS = NO;
				CLANG_ANALYZER_NONNULL = YES;
				CLANG_ANALYZER_NUMBER_OBJECT_CONVERSION = YES_AGGRESSIVE;
				CLANG_CXX_LANGUAGE_STANDARD = "gnu++17";
				CLANG_ENABLE_MODULES = YES;
				CLANG_ENABLE_OBJC_ARC = YES;
				CLANG_ENABLE_OBJC_WEAK = YES;
				CLANG_WARN_BLOCK_CAPTURE_AUTORELEASING = YES;
				CLANG_WARN_BOOL_CONVERSION = YES;
				CLANG_WARN_COMMA = YES;
				CLANG_WARN_CONSTANT_CONVERSION = YES;
				CLANG_WARN_DEPRECATED_OBJC_IMPLEMENTATIONS = YES;
				CLANG_WARN_DIRECT_OBJC_ISA_USAGE = YES_ERROR;
				CLANG_WARN_DOCUMENTATION_COMMENTS = YES;
				CLANG_WARN_EMPTY_BODY = YES;
				CLANG_WARN_ENUM_CONVERSION = YES;
				CLANG_WARN_INFINITE_RECURSION = YES;
				CLANG_WARN_INT_CONVERSION = YES;
				CLANG_WARN_NON_LITERAL_NULL_CONVERSION = YES;
				CLANG_WARN_OBJC_IMPLICIT_RETAIN_SELF = YES;
				CLANG_WARN_OBJC_LITERAL_CONVERSION = YES;
				CLANG_WARN_OBJC_ROOT_CLASS = YES_ERROR;
				CLANG_WARN_QUOTED_INCLUDE_IN_FRAMEWORK_HEADER = YES;
				CLANG_WARN_RANGE_LOOP_ANALYSIS = YES;
				CLANG_WARN_STRICT_PROTOTYPES = YES;
				CLANG_WARN_SUSPICIOUS_MOVE = YES;
				CLANG_WARN_UNGUARDED_AVAILABILITY = YES_AGGRESSIVE;
				CLANG_WARN_UNREACHABLE_CODE = YES;
				CLANG_WARN__DUPLICATE_METHOD_MATCH = YES;
				COPY_PHASE_STRIP = NO;
				DEBUG_INFORMATION_FORMAT = "dwarf-with-dsym";
				ENABLE_NS_ASSERTIONS = NO;
				ENABLE_STRICT_OBJC_MSGSEND = YES;
				GCC_C_LANGUAGE_STANDARD = gnu11;
				GCC_NO_COMMON_BLOCKS = YES;
				GCC_WARN_64_TO_32_BIT_CONVERSION = YES;
				GCC_WARN_ABOUT_RETURN_TYPE = YES_ERROR;
				GCC_WARN_UNDECLARED_SELECTOR = YES;
				GCC_WARN_UNINITIALIZED_AUTOS = YES_AGGRESSIVE;
				GCC_WARN_UNUSED_FUNCTION = YES;
				GCC_WARN_UNUSED_VARIABLE = YES;
				IPHONEOS_DEPLOYMENT_TARGET = 15.4;
				MTL_ENABLE_DEBUG_INFO = NO;
				MTL_FAST_MATH = YES;
				SDKROOT = iphoneos;
				SWIFT_COMPILATION_MODE = wholemodule;
				SWIFT_OPTIMIZATION_LEVEL = "-O";
				VALIDATE_PRODUCT = YES;
			};
			name = Release;
		};
		5C75D63A27FD72DD002B0649 /* Debug */ = {
			isa = XCBuildConfiguration;
			baseConfigurationReference = B81C9113C2CB3850F84B87C6 /* Pods-RxSwift_Study.debug.xcconfig */;
			buildSettings = {
				ASSETCATALOG_COMPILER_APPICON_NAME = AppIcon;
				ASSETCATALOG_COMPILER_GLOBAL_ACCENT_COLOR_NAME = AccentColor;
				CODE_SIGN_STYLE = Automatic;
				CURRENT_PROJECT_VERSION = 1;
				DEVELOPMENT_TEAM = 4G7J2Y462B;
				GENERATE_INFOPLIST_FILE = YES;
				INFOPLIST_FILE = RxSwift_Study/Info.plist;
				INFOPLIST_KEY_UIApplicationSupportsIndirectInputEvents = YES;
				INFOPLIST_KEY_UILaunchStoryboardName = LaunchScreen;
				INFOPLIST_KEY_UIMainStoryboardFile = Main;
				INFOPLIST_KEY_UISupportedInterfaceOrientations_iPad = "UIInterfaceOrientationPortrait UIInterfaceOrientationPortraitUpsideDown UIInterfaceOrientationLandscapeLeft UIInterfaceOrientationLandscapeRight";
				INFOPLIST_KEY_UISupportedInterfaceOrientations_iPhone = "UIInterfaceOrientationPortrait UIInterfaceOrientationLandscapeLeft UIInterfaceOrientationLandscapeRight";
				LD_RUNPATH_SEARCH_PATHS = (
					"$(inherited)",
					"@executable_path/Frameworks",
				);
				MARKETING_VERSION = 1.0;
				PRODUCT_BUNDLE_IDENTIFIER = "anipen.RxSwift-Study";
				PRODUCT_NAME = "$(TARGET_NAME)";
				SWIFT_EMIT_LOC_STRINGS = YES;
				SWIFT_VERSION = 5.0;
				TARGETED_DEVICE_FAMILY = "1,2";
			};
			name = Debug;
		};
		5C75D63B27FD72DD002B0649 /* Release */ = {
			isa = XCBuildConfiguration;
			baseConfigurationReference = B51CDFC60C84978002D3B3F4 /* Pods-RxSwift_Study.release.xcconfig */;
			buildSettings = {
				ASSETCATALOG_COMPILER_APPICON_NAME = AppIcon;
				ASSETCATALOG_COMPILER_GLOBAL_ACCENT_COLOR_NAME = AccentColor;
				CODE_SIGN_STYLE = Automatic;
				CURRENT_PROJECT_VERSION = 1;
				DEVELOPMENT_TEAM = 4G7J2Y462B;
				GENERATE_INFOPLIST_FILE = YES;
				INFOPLIST_FILE = RxSwift_Study/Info.plist;
				INFOPLIST_KEY_UIApplicationSupportsIndirectInputEvents = YES;
				INFOPLIST_KEY_UILaunchStoryboardName = LaunchScreen;
				INFOPLIST_KEY_UIMainStoryboardFile = Main;
				INFOPLIST_KEY_UISupportedInterfaceOrientations_iPad = "UIInterfaceOrientationPortrait UIInterfaceOrientationPortraitUpsideDown UIInterfaceOrientationLandscapeLeft UIInterfaceOrientationLandscapeRight";
				INFOPLIST_KEY_UISupportedInterfaceOrientations_iPhone = "UIInterfaceOrientationPortrait UIInterfaceOrientationLandscapeLeft UIInterfaceOrientationLandscapeRight";
				LD_RUNPATH_SEARCH_PATHS = (
					"$(inherited)",
					"@executable_path/Frameworks",
				);
				MARKETING_VERSION = 1.0;
				PRODUCT_BUNDLE_IDENTIFIER = "anipen.RxSwift-Study";
				PRODUCT_NAME = "$(TARGET_NAME)";
				SWIFT_EMIT_LOC_STRINGS = YES;
				SWIFT_VERSION = 5.0;
				TARGETED_DEVICE_FAMILY = "1,2";
			};
			name = Release;
		};
/* End XCBuildConfiguration section */

/* Begin XCConfigurationList section */
		5C75D62027FD72DB002B0649 /* Build configuration list for PBXProject "RxSwift_Study" */ = {
			isa = XCConfigurationList;
			buildConfigurations = (
				5C75D63727FD72DD002B0649 /* Debug */,
				5C75D63827FD72DD002B0649 /* Release */,
			);
			defaultConfigurationIsVisible = 0;
			defaultConfigurationName = Release;
		};
		5C75D63927FD72DD002B0649 /* Build configuration list for PBXNativeTarget "RxSwift_Study" */ = {
			isa = XCConfigurationList;
			buildConfigurations = (
				5C75D63A27FD72DD002B0649 /* Debug */,
				5C75D63B27FD72DD002B0649 /* Release */,
			);
			defaultConfigurationIsVisible = 0;
			defaultConfigurationName = Release;
		};
/* End XCConfigurationList section */
	};
	rootObject = 5C75D61D27FD72DB002B0649 /* Project object */;
}
